
Microsoft Visual Studio Solution File, Format Version 12.00
# Visual Studio Version 16
VisualStudioVersion = 16.0.29609.76
MinimumVisualStudioVersion = 10.0.40219.1
Project("{FAE04EC0-301F-11D3-BF4B-00C04F79EFBC}") = "Git_Ignore_Practice", "Git_Ignore_Practice\Git_Ignore_Practice.csproj", "{E68D7A31-9BB5-46EB-8E46-52F07A25E8F2}"
EndProject
Global
	GlobalSection(SolutionConfigurationPlatforms) = preSolution
		Debug|Any CPU = Debug|Any CPU
		Release|Any CPU = Release|Any CPU
	EndGlobalSection
	GlobalSection(ProjectConfigurationPlatforms) = postSolution
		{E68D7A31-9BB5-46EB-8E46-52F07A25E8F2}.Debug|Any CPU.ActiveCfg = Debug|Any CPU
		{E68D7A31-9BB5-46EB-8E46-52F07A25E8F2}.Debug|Any CPU.Build.0 = Debug|Any CPU
		{E68D7A31-9BB5-46EB-8E46-52F07A25E8F2}.Release|Any CPU.ActiveCfg = Release|Any CPU
		{E68D7A31-9BB5-46EB-8E46-52F07A25E8F2}.Release|Any CPU.Build.0 = Release|Any CPU
	EndGlobalSection
	GlobalSection(SolutionProperties) = preSolution
		HideSolutionNode = FALSE
	EndGlobalSection
	GlobalSection(ExtensibilityGlobals) = postSolution
		SolutionGuid = {AC25FBB3-4856-41E6-A016-38687927CACE}
	EndGlobalSection
EndGlobal
